
Microsoft Visual Studio Solution File, Format Version 12.00
# Visual Studio 15
Project("{FAE04EC0-301F-11D3-BF4B-00C04F79EFBC}") = "Document", "Document.csproj", "{23E75301-8835-4A40-AA5F-291ACC7A1F7C}"
EndProject
Global
	GlobalSection(SolutionConfigurationPlatforms) = preSolution
		Debug|Any CPU = Debug|Any CPU
		Release|Any CPU = Release|Any CPU
	EndGlobalSection
	GlobalSection(ProjectConfigurationPlatforms) = postSolution
		{23E75301-8835-4A40-AA5F-291ACC7A1F7C}.Debug|Any CPU.ActiveCfg = Debug|Any CPU
		{23E75301-8835-4A40-AA5F-291ACC7A1F7C}.Debug|Any CPU.Build.0 = Debug|Any CPU
		{23E75301-8835-4A40-AA5F-291ACC7A1F7C}.Release|Any CPU.ActiveCfg = Release|Any CPU
		{23E75301-8835-4A40-AA5F-291ACC7A1F7C}.Release|Any CPU.Build.0 = Release|Any CPU
	EndGlobalSection
EndGlobal
